// !$*UTF8*$!
{
	archiveVersion = 1;
	classes = {
	};
	objectVersion = 50;
	objects = {

/* Begin PBXBuildFile section */
		08063B4221BBD7C000D67A8C /* StudentCoursesCollectionViewCell.swift in Sources */ = {isa = PBXBuildFile; fileRef = 08063B4121BBD7C000D67A8C /* StudentCoursesCollectionViewCell.swift */; };
		08063B4421BBE44000D67A8C /* StudentPromptsCollectionViewCell.swift in Sources */ = {isa = PBXBuildFile; fileRef = 08063B4321BBE44000D67A8C /* StudentPromptsCollectionViewCell.swift */; };
		08063B4E21BD9F6700D67A8C /* StudentCoursePromptsViewController.swift in Sources */ = {isa = PBXBuildFile; fileRef = 08063B4D21BD9F6700D67A8C /* StudentCoursePromptsViewController.swift */; };
		080E8A1521C80D98003DBB65 /* StudentCPRViewController.swift in Sources */ = {isa = PBXBuildFile; fileRef = 080E8A1421C80D98003DBB65 /* StudentCPRViewController.swift */; };
		080E8A1721C80DAA003DBB65 /* StudentCPRCollectionViewCell.swift in Sources */ = {isa = PBXBuildFile; fileRef = 080E8A1621C80DAA003DBB65 /* StudentCPRCollectionViewCell.swift */; };
		080E8A1921C83029003DBB65 /* StudentPromptResponsesViewController.swift in Sources */ = {isa = PBXBuildFile; fileRef = 080E8A1821C83029003DBB65 /* StudentPromptResponsesViewController.swift */; };
		080E8A1B21C83040003DBB65 /* StudentPromptResponsesCollectionViewCell.swift in Sources */ = {isa = PBXBuildFile; fileRef = 080E8A1A21C83040003DBB65 /* StudentPromptResponsesCollectionViewCell.swift */; };
		0820705B2142B7E600E2B539 /* TeacherCourseCellCollectionViewCell.swift in Sources */ = {isa = PBXBuildFile; fileRef = 0820705A2142B7E600E2B539 /* TeacherCourseCellCollectionViewCell.swift */; };
		0820705D2142B89F00E2B539 /* TeacherCoursesViewController.swift in Sources */ = {isa = PBXBuildFile; fileRef = 0820705C2142B89F00E2B539 /* TeacherCoursesViewController.swift */; };
		0820705F2142BF2500E2B539 /* TeacherPromptsViewController.swift in Sources */ = {isa = PBXBuildFile; fileRef = 0820705E2142BF2500E2B539 /* TeacherPromptsViewController.swift */; };
		082070612142BF5200E2B539 /* TeacherPromptCellCollectionViewCell.swift in Sources */ = {isa = PBXBuildFile; fileRef = 082070602142BF5200E2B539 /* TeacherPromptCellCollectionViewCell.swift */; };
		08207063215FA22200E2B539 /* Singleton.swift in Sources */ = {isa = PBXBuildFile; fileRef = 08207062215FA22100E2B539 /* Singleton.swift */; };
		0824AC0521CBDF2F000B419C /* TeacherPromptResponsesViewController.swift in Sources */ = {isa = PBXBuildFile; fileRef = 0824AC0421CBDF2F000B419C /* TeacherPromptResponsesViewController.swift */; };
		0824AC0721CBDF45000B419C /* TeacherPromptResponsesCollectionViewCell.swift in Sources */ = {isa = PBXBuildFile; fileRef = 0824AC0621CBDF45000B419C /* TeacherPromptResponsesCollectionViewCell.swift */; };
		0827BDD2222395DE0051B994 /* FirebaseData.swift in Sources */ = {isa = PBXBuildFile; fileRef = 0827BDD1222395DE0051B994 /* FirebaseData.swift */; };
		0827BDD4222397A20051B994 /* ReadFirebaseData.swift in Sources */ = {isa = PBXBuildFile; fileRef = 0827BDD3222397A20051B994 /* ReadFirebaseData.swift */; };
		0827BDD6222398020051B994 /* WriteFirebaseData.swift in Sources */ = {isa = PBXBuildFile; fileRef = 0827BDD5222398020051B994 /* WriteFirebaseData.swift */; };
		083579D721C2F67000561030 /* TeacherCoursePromptsViewController.swift in Sources */ = {isa = PBXBuildFile; fileRef = 083579D621C2F67000561030 /* TeacherCoursePromptsViewController.swift */; };
		083579D921C7AF3400561030 /* TeacherCoursePromptsCollectionViewCell.swift in Sources */ = {isa = PBXBuildFile; fileRef = 083579D821C7AF3400561030 /* TeacherCoursePromptsCollectionViewCell.swift */; };
		083579DD21C7B86100561030 /* TeacherCPRViewController.swift in Sources */ = {isa = PBXBuildFile; fileRef = 083579DC21C7B86100561030 /* TeacherCPRViewController.swift */; };
		083579DF21C7B91800561030 /* TeacherCPRCollectionViewCell.swift in Sources */ = {isa = PBXBuildFile; fileRef = 083579DE21C7B91800561030 /* TeacherCPRCollectionViewCell.swift */; };
		084EAE7C21AB21E100AD6DDA /* LaunchViewController.swift in Sources */ = {isa = PBXBuildFile; fileRef = 084EAE7B21AB21E100AD6DDA /* LaunchViewController.swift */; };
		085F3342213DCD3F009E2FDA /* Course.swift in Sources */ = {isa = PBXBuildFile; fileRef = 085F3341213DCD3F009E2FDA /* Course.swift */; };
		085F33442141A70B009E2FDA /* Prompt.swift in Sources */ = {isa = PBXBuildFile; fileRef = 085F33432141A70B009E2FDA /* Prompt.swift */; };
		08C33F1321A5C15C007143F3 /* StudentHomeViewController.swift in Sources */ = {isa = PBXBuildFile; fileRef = 08C33F1221A5C15C007143F3 /* StudentHomeViewController.swift */; };
		08C33F1521A5C1D2007143F3 /* StudentCoursesViewController.swift in Sources */ = {isa = PBXBuildFile; fileRef = 08C33F1421A5C1D2007143F3 /* StudentCoursesViewController.swift */; };
		08C33F1721A5C1DD007143F3 /* StudentPromptsViewController.swift in Sources */ = {isa = PBXBuildFile; fileRef = 08C33F1621A5C1DD007143F3 /* StudentPromptsViewController.swift */; };
		08D5E27422238DA5001ED286 /* GoogleService-Info.plist in Resources */ = {isa = PBXBuildFile; fileRef = 08D5E27322238DA4001ED286 /* GoogleService-Info.plist */; };
		08D5E53021B024AC006E1414 /* StudentHomeTableViewCell.swift in Sources */ = {isa = PBXBuildFile; fileRef = 08D5E52F21B024AC006E1414 /* StudentHomeTableViewCell.swift */; };
		08E16DAB2121BE7800AFFCF3 /* AppDelegate.swift in Sources */ = {isa = PBXBuildFile; fileRef = 08E16DAA2121BE7800AFFCF3 /* AppDelegate.swift */; };
		08E16DAD2121BE7800AFFCF3 /* ViewController.swift in Sources */ = {isa = PBXBuildFile; fileRef = 08E16DAC2121BE7800AFFCF3 /* ViewController.swift */; };
		08E16DB02121BE7800AFFCF3 /* Main.storyboard in Resources */ = {isa = PBXBuildFile; fileRef = 08E16DAE2121BE7800AFFCF3 /* Main.storyboard */; };
		08E16DB22121BE7B00AFFCF3 /* Assets.xcassets in Resources */ = {isa = PBXBuildFile; fileRef = 08E16DB12121BE7B00AFFCF3 /* Assets.xcassets */; };
		08E16DB52121BE7B00AFFCF3 /* LaunchScreen.storyboard in Resources */ = {isa = PBXBuildFile; fileRef = 08E16DB32121BE7B00AFFCF3 /* LaunchScreen.storyboard */; };
		08E16DC02121BE7B00AFFCF3 /* HMWKTests.swift in Sources */ = {isa = PBXBuildFile; fileRef = 08E16DBF2121BE7B00AFFCF3 /* HMWKTests.swift */; };
		08E16DCB2121BE7B00AFFCF3 /* HMWKUITests.swift in Sources */ = {isa = PBXBuildFile; fileRef = 08E16DCA2121BE7B00AFFCF3 /* HMWKUITests.swift */; };
		08F2C139213315EB00269D9A /* TeacherHomeViewController.swift in Sources */ = {isa = PBXBuildFile; fileRef = 08F2C138213315EB00269D9A /* TeacherHomeViewController.swift */; };
		08F2C13F21331A7C00269D9A /* TeacherHomeTableViewCell.swift in Sources */ = {isa = PBXBuildFile; fileRef = 08F2C13E21331A7C00269D9A /* TeacherHomeTableViewCell.swift */; };
		08F2C143213337DF00269D9A /* User.swift in Sources */ = {isa = PBXBuildFile; fileRef = 08F2C142213337DF00269D9A /* User.swift */; };
		08F2C145213337FE00269D9A /* Response.swift in Sources */ = {isa = PBXBuildFile; fileRef = 08F2C144213337FE00269D9A /* Response.swift */; };
		08FD475F21BDAA4E00C5DC1A /* StudentCoursePromptsCollectionViewCell.swift in Sources */ = {isa = PBXBuildFile; fileRef = 08FD475E21BDAA4E00C5DC1A /* StudentCoursePromptsCollectionViewCell.swift */; };
		27908431BE58F277E9FCBCEC /* Pods_HMWKTests.framework in Frameworks */ = {isa = PBXBuildFile; fileRef = 1398CEAD0687B37DA72C4E67 /* Pods_HMWKTests.framework */; };
		4172C27D8630A1056B33A896 /* Pods_HMWK.framework in Frameworks */ = {isa = PBXBuildFile; fileRef = 04740943B9B7B3DCD9FA16CC /* Pods_HMWK.framework */; };
		C2308EF6ABD25BB8EFDF9444 /* Pods_HMWKUITests.framework in Frameworks */ = {isa = PBXBuildFile; fileRef = 0E6DB8FDAFEAFE56DAF541C4 /* Pods_HMWKUITests.framework */; };
/* End PBXBuildFile section */

/* Begin PBXContainerItemProxy section */
		08E16DBC2121BE7B00AFFCF3 /* PBXContainerItemProxy */ = {
			isa = PBXContainerItemProxy;
			containerPortal = 08E16D9F2121BE7800AFFCF3 /* Project object */;
			proxyType = 1;
			remoteGlobalIDString = 08E16DA62121BE7800AFFCF3;
			remoteInfo = HMWK;
		};
		08E16DC72121BE7B00AFFCF3 /* PBXContainerItemProxy */ = {
			isa = PBXContainerItemProxy;
			containerPortal = 08E16D9F2121BE7800AFFCF3 /* Project object */;
			proxyType = 1;
			remoteGlobalIDString = 08E16DA62121BE7800AFFCF3;
			remoteInfo = HMWK;
		};
/* End PBXContainerItemProxy section */

/* Begin PBXFileReference section */
		04740943B9B7B3DCD9FA16CC /* Pods_HMWK.framework */ = {isa = PBXFileReference; explicitFileType = wrapper.framework; includeInIndex = 0; path = Pods_HMWK.framework; sourceTree = BUILT_PRODUCTS_DIR; };
		08063B4121BBD7C000D67A8C /* StudentCoursesCollectionViewCell.swift */ = {isa = PBXFileReference; lastKnownFileType = sourcecode.swift; path = StudentCoursesCollectionViewCell.swift; sourceTree = "<group>"; };
		08063B4321BBE44000D67A8C /* StudentPromptsCollectionViewCell.swift */ = {isa = PBXFileReference; lastKnownFileType = sourcecode.swift; path = StudentPromptsCollectionViewCell.swift; sourceTree = "<group>"; };
		08063B4D21BD9F6700D67A8C /* StudentCoursePromptsViewController.swift */ = {isa = PBXFileReference; lastKnownFileType = sourcecode.swift; path = StudentCoursePromptsViewController.swift; sourceTree = "<group>"; };
		080E8A1421C80D98003DBB65 /* StudentCPRViewController.swift */ = {isa = PBXFileReference; lastKnownFileType = sourcecode.swift; path = StudentCPRViewController.swift; sourceTree = "<group>"; };
		080E8A1621C80DAA003DBB65 /* StudentCPRCollectionViewCell.swift */ = {isa = PBXFileReference; lastKnownFileType = sourcecode.swift; path = StudentCPRCollectionViewCell.swift; sourceTree = "<group>"; };
		080E8A1821C83029003DBB65 /* StudentPromptResponsesViewController.swift */ = {isa = PBXFileReference; lastKnownFileType = sourcecode.swift; path = StudentPromptResponsesViewController.swift; sourceTree = "<group>"; };
		080E8A1A21C83040003DBB65 /* StudentPromptResponsesCollectionViewCell.swift */ = {isa = PBXFileReference; lastKnownFileType = sourcecode.swift; path = StudentPromptResponsesCollectionViewCell.swift; sourceTree = "<group>"; };
		0820705A2142B7E600E2B539 /* TeacherCourseCellCollectionViewCell.swift */ = {isa = PBXFileReference; lastKnownFileType = sourcecode.swift; path = TeacherCourseCellCollectionViewCell.swift; sourceTree = "<group>"; };
		0820705C2142B89F00E2B539 /* TeacherCoursesViewController.swift */ = {isa = PBXFileReference; lastKnownFileType = sourcecode.swift; path = TeacherCoursesViewController.swift; sourceTree = "<group>"; };
		0820705E2142BF2500E2B539 /* TeacherPromptsViewController.swift */ = {isa = PBXFileReference; lastKnownFileType = sourcecode.swift; path = TeacherPromptsViewController.swift; sourceTree = "<group>"; };
		082070602142BF5200E2B539 /* TeacherPromptCellCollectionViewCell.swift */ = {isa = PBXFileReference; lastKnownFileType = sourcecode.swift; path = TeacherPromptCellCollectionViewCell.swift; sourceTree = "<group>"; };
		08207062215FA22100E2B539 /* Singleton.swift */ = {isa = PBXFileReference; lastKnownFileType = sourcecode.swift; path = Singleton.swift; sourceTree = "<group>"; };
		0824AC0421CBDF2F000B419C /* TeacherPromptResponsesViewController.swift */ = {isa = PBXFileReference; lastKnownFileType = sourcecode.swift; path = TeacherPromptResponsesViewController.swift; sourceTree = "<group>"; };
		0824AC0621CBDF45000B419C /* TeacherPromptResponsesCollectionViewCell.swift */ = {isa = PBXFileReference; lastKnownFileType = sourcecode.swift; path = TeacherPromptResponsesCollectionViewCell.swift; sourceTree = "<group>"; };
		0827BDD1222395DE0051B994 /* FirebaseData.swift */ = {isa = PBXFileReference; lastKnownFileType = sourcecode.swift; path = FirebaseData.swift; sourceTree = "<group>"; };
		0827BDD3222397A20051B994 /* ReadFirebaseData.swift */ = {isa = PBXFileReference; lastKnownFileType = sourcecode.swift; path = ReadFirebaseData.swift; sourceTree = "<group>"; };
		0827BDD5222398020051B994 /* WriteFirebaseData.swift */ = {isa = PBXFileReference; lastKnownFileType = sourcecode.swift; path = WriteFirebaseData.swift; sourceTree = "<group>"; };
		083579D621C2F67000561030 /* TeacherCoursePromptsViewController.swift */ = {isa = PBXFileReference; lastKnownFileType = sourcecode.swift; path = TeacherCoursePromptsViewController.swift; sourceTree = "<group>"; };
		083579D821C7AF3400561030 /* TeacherCoursePromptsCollectionViewCell.swift */ = {isa = PBXFileReference; lastKnownFileType = sourcecode.swift; path = TeacherCoursePromptsCollectionViewCell.swift; sourceTree = "<group>"; };
		083579DC21C7B86100561030 /* TeacherCPRViewController.swift */ = {isa = PBXFileReference; lastKnownFileType = sourcecode.swift; path = TeacherCPRViewController.swift; sourceTree = "<group>"; };
		083579DE21C7B91800561030 /* TeacherCPRCollectionViewCell.swift */ = {isa = PBXFileReference; lastKnownFileType = sourcecode.swift; path = TeacherCPRCollectionViewCell.swift; sourceTree = "<group>"; };
		084EAE7B21AB21E100AD6DDA /* LaunchViewController.swift */ = {isa = PBXFileReference; lastKnownFileType = sourcecode.swift; path = LaunchViewController.swift; sourceTree = "<group>"; };
		085F3341213DCD3F009E2FDA /* Course.swift */ = {isa = PBXFileReference; lastKnownFileType = sourcecode.swift; path = Course.swift; sourceTree = "<group>"; };
		085F33432141A70B009E2FDA /* Prompt.swift */ = {isa = PBXFileReference; lastKnownFileType = sourcecode.swift; path = Prompt.swift; sourceTree = "<group>"; };
		08C33F1221A5C15C007143F3 /* StudentHomeViewController.swift */ = {isa = PBXFileReference; lastKnownFileType = sourcecode.swift; path = StudentHomeViewController.swift; sourceTree = "<group>"; };
		08C33F1421A5C1D2007143F3 /* StudentCoursesViewController.swift */ = {isa = PBXFileReference; lastKnownFileType = sourcecode.swift; path = StudentCoursesViewController.swift; sourceTree = "<group>"; };
		08C33F1621A5C1DD007143F3 /* StudentPromptsViewController.swift */ = {isa = PBXFileReference; lastKnownFileType = sourcecode.swift; path = StudentPromptsViewController.swift; sourceTree = "<group>"; };
		08D5E27322238DA4001ED286 /* GoogleService-Info.plist */ = {isa = PBXFileReference; fileEncoding = 4; lastKnownFileType = text.plist.xml; path = "GoogleService-Info.plist"; sourceTree = "<group>"; };
		08D5E52F21B024AC006E1414 /* StudentHomeTableViewCell.swift */ = {isa = PBXFileReference; lastKnownFileType = sourcecode.swift; path = StudentHomeTableViewCell.swift; sourceTree = "<group>"; };
		08E16DA72121BE7800AFFCF3 /* HMWK.app */ = {isa = PBXFileReference; explicitFileType = wrapper.application; includeInIndex = 0; path = HMWK.app; sourceTree = BUILT_PRODUCTS_DIR; };
		08E16DAA2121BE7800AFFCF3 /* AppDelegate.swift */ = {isa = PBXFileReference; lastKnownFileType = sourcecode.swift; path = AppDelegate.swift; sourceTree = "<group>"; };
		08E16DAC2121BE7800AFFCF3 /* ViewController.swift */ = {isa = PBXFileReference; lastKnownFileType = sourcecode.swift; path = ViewController.swift; sourceTree = "<group>"; };
		08E16DAF2121BE7800AFFCF3 /* Base */ = {isa = PBXFileReference; lastKnownFileType = file.storyboard; name = Base; path = Base.lproj/Main.storyboard; sourceTree = "<group>"; };
		08E16DB12121BE7B00AFFCF3 /* Assets.xcassets */ = {isa = PBXFileReference; lastKnownFileType = folder.assetcatalog; path = Assets.xcassets; sourceTree = "<group>"; };
		08E16DB42121BE7B00AFFCF3 /* Base */ = {isa = PBXFileReference; lastKnownFileType = file.storyboard; name = Base; path = Base.lproj/LaunchScreen.storyboard; sourceTree = "<group>"; };
		08E16DB62121BE7B00AFFCF3 /* Info.plist */ = {isa = PBXFileReference; lastKnownFileType = text.plist.xml; path = Info.plist; sourceTree = "<group>"; };
		08E16DBB2121BE7B00AFFCF3 /* HMWKTests.xctest */ = {isa = PBXFileReference; explicitFileType = wrapper.cfbundle; includeInIndex = 0; path = HMWKTests.xctest; sourceTree = BUILT_PRODUCTS_DIR; };
		08E16DBF2121BE7B00AFFCF3 /* HMWKTests.swift */ = {isa = PBXFileReference; lastKnownFileType = sourcecode.swift; path = HMWKTests.swift; sourceTree = "<group>"; };
		08E16DC12121BE7B00AFFCF3 /* Info.plist */ = {isa = PBXFileReference; lastKnownFileType = text.plist.xml; path = Info.plist; sourceTree = "<group>"; };
		08E16DC62121BE7B00AFFCF3 /* HMWKUITests.xctest */ = {isa = PBXFileReference; explicitFileType = wrapper.cfbundle; includeInIndex = 0; path = HMWKUITests.xctest; sourceTree = BUILT_PRODUCTS_DIR; };
		08E16DCA2121BE7B00AFFCF3 /* HMWKUITests.swift */ = {isa = PBXFileReference; lastKnownFileType = sourcecode.swift; path = HMWKUITests.swift; sourceTree = "<group>"; };
		08E16DCC2121BE7B00AFFCF3 /* Info.plist */ = {isa = PBXFileReference; lastKnownFileType = text.plist.xml; path = Info.plist; sourceTree = "<group>"; };
		08F2C138213315EB00269D9A /* TeacherHomeViewController.swift */ = {isa = PBXFileReference; lastKnownFileType = sourcecode.swift; path = TeacherHomeViewController.swift; sourceTree = "<group>"; };
		08F2C13E21331A7C00269D9A /* TeacherHomeTableViewCell.swift */ = {isa = PBXFileReference; lastKnownFileType = sourcecode.swift; path = TeacherHomeTableViewCell.swift; sourceTree = "<group>"; };
		08F2C142213337DF00269D9A /* User.swift */ = {isa = PBXFileReference; lastKnownFileType = sourcecode.swift; path = User.swift; sourceTree = "<group>"; };
		08F2C144213337FE00269D9A /* Response.swift */ = {isa = PBXFileReference; lastKnownFileType = sourcecode.swift; path = Response.swift; sourceTree = "<group>"; };
		08FD475E21BDAA4E00C5DC1A /* StudentCoursePromptsCollectionViewCell.swift */ = {isa = PBXFileReference; lastKnownFileType = sourcecode.swift; path = StudentCoursePromptsCollectionViewCell.swift; sourceTree = "<group>"; };
		0E6DB8FDAFEAFE56DAF541C4 /* Pods_HMWKUITests.framework */ = {isa = PBXFileReference; explicitFileType = wrapper.framework; includeInIndex = 0; path = Pods_HMWKUITests.framework; sourceTree = BUILT_PRODUCTS_DIR; };
		11A6DB545086682718C2BF6A /* Pods-HMWKUITests.release.xcconfig */ = {isa = PBXFileReference; includeInIndex = 1; lastKnownFileType = text.xcconfig; name = "Pods-HMWKUITests.release.xcconfig"; path = "Pods/Target Support Files/Pods-HMWKUITests/Pods-HMWKUITests.release.xcconfig"; sourceTree = "<group>"; };
		1398CEAD0687B37DA72C4E67 /* Pods_HMWKTests.framework */ = {isa = PBXFileReference; explicitFileType = wrapper.framework; includeInIndex = 0; path = Pods_HMWKTests.framework; sourceTree = BUILT_PRODUCTS_DIR; };
		1D22E0AAA201F92A831C218F /* Pods-HMWKTests.debug.xcconfig */ = {isa = PBXFileReference; includeInIndex = 1; lastKnownFileType = text.xcconfig; name = "Pods-HMWKTests.debug.xcconfig"; path = "Pods/Target Support Files/Pods-HMWKTests/Pods-HMWKTests.debug.xcconfig"; sourceTree = "<group>"; };
		29802161EE6589AD7DF9EE6D /* Pods-HMWKTests.release.xcconfig */ = {isa = PBXFileReference; includeInIndex = 1; lastKnownFileType = text.xcconfig; name = "Pods-HMWKTests.release.xcconfig"; path = "Pods/Target Support Files/Pods-HMWKTests/Pods-HMWKTests.release.xcconfig"; sourceTree = "<group>"; };
		87F7D19CC9643BF88CA20876 /* Pods-HMWKUITests.debug.xcconfig */ = {isa = PBXFileReference; includeInIndex = 1; lastKnownFileType = text.xcconfig; name = "Pods-HMWKUITests.debug.xcconfig"; path = "Pods/Target Support Files/Pods-HMWKUITests/Pods-HMWKUITests.debug.xcconfig"; sourceTree = "<group>"; };
		990ABC9E7E09E8962B2DF5EC /* Pods-HMWK.debug.xcconfig */ = {isa = PBXFileReference; includeInIndex = 1; lastKnownFileType = text.xcconfig; name = "Pods-HMWK.debug.xcconfig"; path = "Pods/Target Support Files/Pods-HMWK/Pods-HMWK.debug.xcconfig"; sourceTree = "<group>"; };
		B46D5B28363615503BC2FB5B /* Pods-HMWK.release.xcconfig */ = {isa = PBXFileReference; includeInIndex = 1; lastKnownFileType = text.xcconfig; name = "Pods-HMWK.release.xcconfig"; path = "Pods/Target Support Files/Pods-HMWK/Pods-HMWK.release.xcconfig"; sourceTree = "<group>"; };
/* End PBXFileReference section */

/* Begin PBXFrameworksBuildPhase section */
		08E16DA42121BE7800AFFCF3 /* Frameworks */ = {
			isa = PBXFrameworksBuildPhase;
			buildActionMask = 2147483647;
			files = (
				4172C27D8630A1056B33A896 /* Pods_HMWK.framework in Frameworks */,
			);
			runOnlyForDeploymentPostprocessing = 0;
		};
		08E16DB82121BE7B00AFFCF3 /* Frameworks */ = {
			isa = PBXFrameworksBuildPhase;
			buildActionMask = 2147483647;
			files = (
				27908431BE58F277E9FCBCEC /* Pods_HMWKTests.framework in Frameworks */,
			);
			runOnlyForDeploymentPostprocessing = 0;
		};
		08E16DC32121BE7B00AFFCF3 /* Frameworks */ = {
			isa = PBXFrameworksBuildPhase;
			buildActionMask = 2147483647;
			files = (
				C2308EF6ABD25BB8EFDF9444 /* Pods_HMWKUITests.framework in Frameworks */,
			);
			runOnlyForDeploymentPostprocessing = 0;
		};
/* End PBXFrameworksBuildPhase section */

/* Begin PBXGroup section */
		08E16D9E2121BE7800AFFCF3 = {
			isa = PBXGroup;
			children = (
				08E16DA92121BE7800AFFCF3 /* HMWK */,
				08E16DBE2121BE7B00AFFCF3 /* HMWKTests */,
				08E16DC92121BE7B00AFFCF3 /* HMWKUITests */,
				08E16DA82121BE7800AFFCF3 /* Products */,
				17E48040FA781C2CE87669C0 /* Pods */,
				BF77D150E6BCB0B9C453FF8F /* Frameworks */,
			);
			sourceTree = "<group>";
		};
		08E16DA82121BE7800AFFCF3 /* Products */ = {
			isa = PBXGroup;
			children = (
				08E16DA72121BE7800AFFCF3 /* HMWK.app */,
				08E16DBB2121BE7B00AFFCF3 /* HMWKTests.xctest */,
				08E16DC62121BE7B00AFFCF3 /* HMWKUITests.xctest */,
			);
			name = Products;
			sourceTree = "<group>";
		};
		08E16DA92121BE7800AFFCF3 /* HMWK */ = {
			isa = PBXGroup;
			children = (
				08D5E27322238DA4001ED286 /* GoogleService-Info.plist */,
				08E16DAE2121BE7800AFFCF3 /* Main.storyboard */,
				08E16DAA2121BE7800AFFCF3 /* AppDelegate.swift */,
				08E16DAC2121BE7800AFFCF3 /* ViewController.swift */,
				084EAE7B21AB21E100AD6DDA /* LaunchViewController.swift */,
				08F2C138213315EB00269D9A /* TeacherHomeViewController.swift */,
				08F2C13E21331A7C00269D9A /* TeacherHomeTableViewCell.swift */,
				0820705C2142B89F00E2B539 /* TeacherCoursesViewController.swift */,
				0820705A2142B7E600E2B539 /* TeacherCourseCellCollectionViewCell.swift */,
				083579D621C2F67000561030 /* TeacherCoursePromptsViewController.swift */,
				083579D821C7AF3400561030 /* TeacherCoursePromptsCollectionViewCell.swift */,
				083579DC21C7B86100561030 /* TeacherCPRViewController.swift */,
				083579DE21C7B91800561030 /* TeacherCPRCollectionViewCell.swift */,
				0820705E2142BF2500E2B539 /* TeacherPromptsViewController.swift */,
				082070602142BF5200E2B539 /* TeacherPromptCellCollectionViewCell.swift */,
				08C33F1221A5C15C007143F3 /* StudentHomeViewController.swift */,
				08D5E52F21B024AC006E1414 /* StudentHomeTableViewCell.swift */,
				08C33F1421A5C1D2007143F3 /* StudentCoursesViewController.swift */,
				08063B4121BBD7C000D67A8C /* StudentCoursesCollectionViewCell.swift */,
				08063B4D21BD9F6700D67A8C /* StudentCoursePromptsViewController.swift */,
				08FD475E21BDAA4E00C5DC1A /* StudentCoursePromptsCollectionViewCell.swift */,
				080E8A1421C80D98003DBB65 /* StudentCPRViewController.swift */,
				080E8A1621C80DAA003DBB65 /* StudentCPRCollectionViewCell.swift */,
				08C33F1621A5C1DD007143F3 /* StudentPromptsViewController.swift */,
				08063B4321BBE44000D67A8C /* StudentPromptsCollectionViewCell.swift */,
				08E16DB12121BE7B00AFFCF3 /* Assets.xcassets */,
				08E16DB32121BE7B00AFFCF3 /* LaunchScreen.storyboard */,
				08E16DB62121BE7B00AFFCF3 /* Info.plist */,
				08F2C142213337DF00269D9A /* User.swift */,
				085F3341213DCD3F009E2FDA /* Course.swift */,
				085F33432141A70B009E2FDA /* Prompt.swift */,
				08F2C144213337FE00269D9A /* Response.swift */,
				08207062215FA22100E2B539 /* Singleton.swift */,
				080E8A1821C83029003DBB65 /* StudentPromptResponsesViewController.swift */,
				080E8A1A21C83040003DBB65 /* StudentPromptResponsesCollectionViewCell.swift */,
				0824AC0421CBDF2F000B419C /* TeacherPromptResponsesViewController.swift */,
				0824AC0621CBDF45000B419C /* TeacherPromptResponsesCollectionViewCell.swift */,
				0827BDD1222395DE0051B994 /* FirebaseData.swift */,
				0827BDD3222397A20051B994 /* ReadFirebaseData.swift */,
				0827BDD5222398020051B994 /* WriteFirebaseData.swift */,
			);
			path = HMWK;
			sourceTree = "<group>";
		};
		08E16DBE2121BE7B00AFFCF3 /* HMWKTests */ = {
			isa = PBXGroup;
			children = (
				08E16DBF2121BE7B00AFFCF3 /* HMWKTests.swift */,
				08E16DC12121BE7B00AFFCF3 /* Info.plist */,
			);
			path = HMWKTests;
			sourceTree = "<group>";
		};
		08E16DC92121BE7B00AFFCF3 /* HMWKUITests */ = {
			isa = PBXGroup;
			children = (
				08E16DCA2121BE7B00AFFCF3 /* HMWKUITests.swift */,
				08E16DCC2121BE7B00AFFCF3 /* Info.plist */,
			);
			path = HMWKUITests;
			sourceTree = "<group>";
		};
		17E48040FA781C2CE87669C0 /* Pods */ = {
			isa = PBXGroup;
			children = (
				990ABC9E7E09E8962B2DF5EC /* Pods-HMWK.debug.xcconfig */,
				B46D5B28363615503BC2FB5B /* Pods-HMWK.release.xcconfig */,
				1D22E0AAA201F92A831C218F /* Pods-HMWKTests.debug.xcconfig */,
				29802161EE6589AD7DF9EE6D /* Pods-HMWKTests.release.xcconfig */,
				87F7D19CC9643BF88CA20876 /* Pods-HMWKUITests.debug.xcconfig */,
				11A6DB545086682718C2BF6A /* Pods-HMWKUITests.release.xcconfig */,
			);
			name = Pods;
			sourceTree = "<group>";
		};
		BF77D150E6BCB0B9C453FF8F /* Frameworks */ = {
			isa = PBXGroup;
			children = (
				04740943B9B7B3DCD9FA16CC /* Pods_HMWK.framework */,
				1398CEAD0687B37DA72C4E67 /* Pods_HMWKTests.framework */,
				0E6DB8FDAFEAFE56DAF541C4 /* Pods_HMWKUITests.framework */,
			);
			name = Frameworks;
			sourceTree = "<group>";
		};
/* End PBXGroup section */

/* Begin PBXNativeTarget section */
		08E16DA62121BE7800AFFCF3 /* HMWK */ = {
			isa = PBXNativeTarget;
			buildConfigurationList = 08E16DCF2121BE7B00AFFCF3 /* Build configuration list for PBXNativeTarget "HMWK" */;
			buildPhases = (
				9DA2A54FA6CC5E8E078A62D2 /* [CP] Check Pods Manifest.lock */,
				08E16DA32121BE7800AFFCF3 /* Sources */,
				08E16DA42121BE7800AFFCF3 /* Frameworks */,
				08E16DA52121BE7800AFFCF3 /* Resources */,
				7C78F353F79B18F945041D35 /* [CP] Embed Pods Frameworks */,
			);
			buildRules = (
			);
			dependencies = (
			);
			name = HMWK;
			productName = HMWK;
			productReference = 08E16DA72121BE7800AFFCF3 /* HMWK.app */;
			productType = "com.apple.product-type.application";
		};
		08E16DBA2121BE7B00AFFCF3 /* HMWKTests */ = {
			isa = PBXNativeTarget;
			buildConfigurationList = 08E16DD22121BE7B00AFFCF3 /* Build configuration list for PBXNativeTarget "HMWKTests" */;
			buildPhases = (
				445868777101BEB1C81578FF /* [CP] Check Pods Manifest.lock */,
				08E16DB72121BE7B00AFFCF3 /* Sources */,
				08E16DB82121BE7B00AFFCF3 /* Frameworks */,
				08E16DB92121BE7B00AFFCF3 /* Resources */,
			);
			buildRules = (
			);
			dependencies = (
				08E16DBD2121BE7B00AFFCF3 /* PBXTargetDependency */,
			);
			name = HMWKTests;
			productName = HMWKTests;
			productReference = 08E16DBB2121BE7B00AFFCF3 /* HMWKTests.xctest */;
			productType = "com.apple.product-type.bundle.unit-test";
		};
		08E16DC52121BE7B00AFFCF3 /* HMWKUITests */ = {
			isa = PBXNativeTarget;
			buildConfigurationList = 08E16DD52121BE7B00AFFCF3 /* Build configuration list for PBXNativeTarget "HMWKUITests" */;
			buildPhases = (
				1262C90969E670DDCA2EFF14 /* [CP] Check Pods Manifest.lock */,
				08E16DC22121BE7B00AFFCF3 /* Sources */,
				08E16DC32121BE7B00AFFCF3 /* Frameworks */,
				08E16DC42121BE7B00AFFCF3 /* Resources */,
			);
			buildRules = (
			);
			dependencies = (
				08E16DC82121BE7B00AFFCF3 /* PBXTargetDependency */,
			);
			name = HMWKUITests;
			productName = HMWKUITests;
			productReference = 08E16DC62121BE7B00AFFCF3 /* HMWKUITests.xctest */;
			productType = "com.apple.product-type.bundle.ui-testing";
		};
/* End PBXNativeTarget section */

/* Begin PBXProject section */
		08E16D9F2121BE7800AFFCF3 /* Project object */ = {
			isa = PBXProject;
			attributes = {
				LastSwiftUpdateCheck = 0940;
				LastUpgradeCheck = 0940;
				ORGANIZATIONNAME = HMWK;
				TargetAttributes = {
					08E16DA62121BE7800AFFCF3 = {
						CreatedOnToolsVersion = 9.4.1;
					};
					08E16DBA2121BE7B00AFFCF3 = {
						CreatedOnToolsVersion = 9.4.1;
						TestTargetID = 08E16DA62121BE7800AFFCF3;
					};
					08E16DC52121BE7B00AFFCF3 = {
						CreatedOnToolsVersion = 9.4.1;
						TestTargetID = 08E16DA62121BE7800AFFCF3;
					};
				};
			};
			buildConfigurationList = 08E16DA22121BE7800AFFCF3 /* Build configuration list for PBXProject "HMWK" */;
			compatibilityVersion = "Xcode 9.3";
			developmentRegion = en;
			hasScannedForEncodings = 0;
			knownRegions = (
				en,
				Base,
			);
			mainGroup = 08E16D9E2121BE7800AFFCF3;
			productRefGroup = 08E16DA82121BE7800AFFCF3 /* Products */;
			projectDirPath = "";
			projectRoot = "";
			targets = (
				08E16DA62121BE7800AFFCF3 /* HMWK */,
				08E16DBA2121BE7B00AFFCF3 /* HMWKTests */,
				08E16DC52121BE7B00AFFCF3 /* HMWKUITests */,
			);
		};
/* End PBXProject section */

/* Begin PBXResourcesBuildPhase section */
		08E16DA52121BE7800AFFCF3 /* Resources */ = {
			isa = PBXResourcesBuildPhase;
			buildActionMask = 2147483647;
			files = (
				08E16DB52121BE7B00AFFCF3 /* LaunchScreen.storyboard in Resources */,
				08D5E27422238DA5001ED286 /* GoogleService-Info.plist in Resources */,
				08E16DB22121BE7B00AFFCF3 /* Assets.xcassets in Resources */,
				08E16DB02121BE7800AFFCF3 /* Main.storyboard in Resources */,
			);
			runOnlyForDeploymentPostprocessing = 0;
		};
		08E16DB92121BE7B00AFFCF3 /* Resources */ = {
			isa = PBXResourcesBuildPhase;
			buildActionMask = 2147483647;
			files = (
			);
			runOnlyForDeploymentPostprocessing = 0;
		};
		08E16DC42121BE7B00AFFCF3 /* Resources */ = {
			isa = PBXResourcesBuildPhase;
			buildActionMask = 2147483647;
			files = (
			);
			runOnlyForDeploymentPostprocessing = 0;
		};
/* End PBXResourcesBuildPhase section */

/* Begin PBXShellScriptBuildPhase section */
		1262C90969E670DDCA2EFF14 /* [CP] Check Pods Manifest.lock */ = {
			isa = PBXShellScriptBuildPhase;
			buildActionMask = 2147483647;
			files = (
			);
			inputPaths = (
				"${PODS_PODFILE_DIR_PATH}/Podfile.lock",
				"${PODS_ROOT}/Manifest.lock",
			);
			name = "[CP] Check Pods Manifest.lock";
			outputPaths = (
				"$(DERIVED_FILE_DIR)/Pods-HMWKUITests-checkManifestLockResult.txt",
			);
			runOnlyForDeploymentPostprocessing = 0;
			shellPath = /bin/sh;
			shellScript = "diff \"${PODS_PODFILE_DIR_PATH}/Podfile.lock\" \"${PODS_ROOT}/Manifest.lock\" > /dev/null\nif [ $? != 0 ] ; then\n    # print error to STDERR\n    echo \"error: The sandbox is not in sync with the Podfile.lock. Run 'pod install' or update your CocoaPods installation.\" >&2\n    exit 1\nfi\n# This output is used by Xcode 'outputs' to avoid re-running this script phase.\necho \"SUCCESS\" > \"${SCRIPT_OUTPUT_FILE_0}\"\n";
			showEnvVarsInLog = 0;
		};
		445868777101BEB1C81578FF /* [CP] Check Pods Manifest.lock */ = {
			isa = PBXShellScriptBuildPhase;
			buildActionMask = 2147483647;
			files = (
			);
			inputPaths = (
				"${PODS_PODFILE_DIR_PATH}/Podfile.lock",
				"${PODS_ROOT}/Manifest.lock",
			);
			name = "[CP] Check Pods Manifest.lock";
			outputPaths = (
				"$(DERIVED_FILE_DIR)/Pods-HMWKTests-checkManifestLockResult.txt",
			);
			runOnlyForDeploymentPostprocessing = 0;
			shellPath = /bin/sh;
			shellScript = "diff \"${PODS_PODFILE_DIR_PATH}/Podfile.lock\" \"${PODS_ROOT}/Manifest.lock\" > /dev/null\nif [ $? != 0 ] ; then\n    # print error to STDERR\n    echo \"error: The sandbox is not in sync with the Podfile.lock. Run 'pod install' or update your CocoaPods installation.\" >&2\n    exit 1\nfi\n# This output is used by Xcode 'outputs' to avoid re-running this script phase.\necho \"SUCCESS\" > \"${SCRIPT_OUTPUT_FILE_0}\"\n";
			showEnvVarsInLog = 0;
		};
		7C78F353F79B18F945041D35 /* [CP] Embed Pods Frameworks */ = {
			isa = PBXShellScriptBuildPhase;
			buildActionMask = 2147483647;
			files = (
			);
			inputPaths = (
				"${SRCROOT}/Pods/Target Support Files/Pods-HMWK/Pods-HMWK-frameworks.sh",
				"${BUILT_PRODUCTS_DIR}/BoringSSL/openssl.framework",
				"${BUILT_PRODUCTS_DIR}/GTMSessionFetcher/GTMSessionFetcher.framework",
				"${BUILT_PRODUCTS_DIR}/GoogleToolboxForMac/GoogleToolboxForMac.framework",
				"${BUILT_PRODUCTS_DIR}/Protobuf/Protobuf.framework",
				"${BUILT_PRODUCTS_DIR}/SDWebImage/SDWebImage.framework",
				"${BUILT_PRODUCTS_DIR}/gRPC/GRPCClient.framework",
				"${BUILT_PRODUCTS_DIR}/gRPC-Core/grpc.framework",
				"${BUILT_PRODUCTS_DIR}/gRPC-ProtoRPC/ProtoRPC.framework",
				"${BUILT_PRODUCTS_DIR}/gRPC-RxLibrary/RxLibrary.framework",
				"${BUILT_PRODUCTS_DIR}/leveldb-library/leveldb.framework",
				"${BUILT_PRODUCTS_DIR}/nanopb/nanopb.framework",
			);
			name = "[CP] Embed Pods Frameworks";
			outputPaths = (
				"${TARGET_BUILD_DIR}/${FRAMEWORKS_FOLDER_PATH}/openssl.framework",
				"${TARGET_BUILD_DIR}/${FRAMEWORKS_FOLDER_PATH}/GTMSessionFetcher.framework",
				"${TARGET_BUILD_DIR}/${FRAMEWORKS_FOLDER_PATH}/GoogleToolboxForMac.framework",
				"${TARGET_BUILD_DIR}/${FRAMEWORKS_FOLDER_PATH}/Protobuf.framework",
				"${TARGET_BUILD_DIR}/${FRAMEWORKS_FOLDER_PATH}/SDWebImage.framework",
				"${TARGET_BUILD_DIR}/${FRAMEWORKS_FOLDER_PATH}/GRPCClient.framework",
				"${TARGET_BUILD_DIR}/${FRAMEWORKS_FOLDER_PATH}/grpc.framework",
				"${TARGET_BUILD_DIR}/${FRAMEWORKS_FOLDER_PATH}/ProtoRPC.framework",
				"${TARGET_BUILD_DIR}/${FRAMEWORKS_FOLDER_PATH}/RxLibrary.framework",
				"${TARGET_BUILD_DIR}/${FRAMEWORKS_FOLDER_PATH}/leveldb.framework",
				"${TARGET_BUILD_DIR}/${FRAMEWORKS_FOLDER_PATH}/nanopb.framework",
			);
			runOnlyForDeploymentPostprocessing = 0;
			shellPath = /bin/sh;
			shellScript = "\"${SRCROOT}/Pods/Target Support Files/Pods-HMWK/Pods-HMWK-frameworks.sh\"\n";
			showEnvVarsInLog = 0;
		};
		9DA2A54FA6CC5E8E078A62D2 /* [CP] Check Pods Manifest.lock */ = {
			isa = PBXShellScriptBuildPhase;
			buildActionMask = 2147483647;
			files = (
			);
			inputPaths = (
				"${PODS_PODFILE_DIR_PATH}/Podfile.lock",
				"${PODS_ROOT}/Manifest.lock",
			);
			name = "[CP] Check Pods Manifest.lock";
			outputPaths = (
				"$(DERIVED_FILE_DIR)/Pods-HMWK-checkManifestLockResult.txt",
			);
			runOnlyForDeploymentPostprocessing = 0;
			shellPath = /bin/sh;
			shellScript = "diff \"${PODS_PODFILE_DIR_PATH}/Podfile.lock\" \"${PODS_ROOT}/Manifest.lock\" > /dev/null\nif [ $? != 0 ] ; then\n    # print error to STDERR\n    echo \"error: The sandbox is not in sync with the Podfile.lock. Run 'pod install' or update your CocoaPods installation.\" >&2\n    exit 1\nfi\n# This output is used by Xcode 'outputs' to avoid re-running this script phase.\necho \"SUCCESS\" > \"${SCRIPT_OUTPUT_FILE_0}\"\n";
			showEnvVarsInLog = 0;
		};
/* End PBXShellScriptBuildPhase section */

/* Begin PBXSourcesBuildPhase section */
		08E16DA32121BE7800AFFCF3 /* Sources */ = {
			isa = PBXSourcesBuildPhase;
			buildActionMask = 2147483647;
			files = (
				083579DF21C7B91800561030 /* TeacherCPRCollectionViewCell.swift in Sources */,
				080E8A1B21C83040003DBB65 /* StudentPromptResponsesCollectionViewCell.swift in Sources */,
				08FD475F21BDAA4E00C5DC1A /* StudentCoursePromptsCollectionViewCell.swift in Sources */,
				0824AC0521CBDF2F000B419C /* TeacherPromptResponsesViewController.swift in Sources */,
				08207063215FA22200E2B539 /* Singleton.swift in Sources */,
				08C33F1321A5C15C007143F3 /* StudentHomeViewController.swift in Sources */,
				08063B4421BBE44000D67A8C /* StudentPromptsCollectionViewCell.swift in Sources */,
				0827BDD6222398020051B994 /* WriteFirebaseData.swift in Sources */,
				08D5E53021B024AC006E1414 /* StudentHomeTableViewCell.swift in Sources */,
				080E8A1721C80DAA003DBB65 /* StudentCPRCollectionViewCell.swift in Sources */,
				0827BDD2222395DE0051B994 /* FirebaseData.swift in Sources */,
				083579D921C7AF3400561030 /* TeacherCoursePromptsCollectionViewCell.swift in Sources */,
				08C33F1521A5C1D2007143F3 /* StudentCoursesViewController.swift in Sources */,
				0820705B2142B7E600E2B539 /* TeacherCourseCellCollectionViewCell.swift in Sources */,
				080E8A1921C83029003DBB65 /* StudentPromptResponsesViewController.swift in Sources */,
				0820705D2142B89F00E2B539 /* TeacherCoursesViewController.swift in Sources */,
				082070612142BF5200E2B539 /* TeacherPromptCellCollectionViewCell.swift in Sources */,
				08063B4E21BD9F6700D67A8C /* StudentCoursePromptsViewController.swift in Sources */,
				084EAE7C21AB21E100AD6DDA /* LaunchViewController.swift in Sources */,
				083579D721C2F67000561030 /* TeacherCoursePromptsViewController.swift in Sources */,
				08E16DAD2121BE7800AFFCF3 /* ViewController.swift in Sources */,
				08E16DAB2121BE7800AFFCF3 /* AppDelegate.swift in Sources */,
				08063B4221BBD7C000D67A8C /* StudentCoursesCollectionViewCell.swift in Sources */,
				0820705F2142BF2500E2B539 /* TeacherPromptsViewController.swift in Sources */,
				0827BDD4222397A20051B994 /* ReadFirebaseData.swift in Sources */,
				085F33442141A70B009E2FDA /* Prompt.swift in Sources */,
				08C33F1721A5C1DD007143F3 /* StudentPromptsViewController.swift in Sources */,
				085F3342213DCD3F009E2FDA /* Course.swift in Sources */,
				083579DD21C7B86100561030 /* TeacherCPRViewController.swift in Sources */,
				08F2C145213337FE00269D9A /* Response.swift in Sources */,
				080E8A1521C80D98003DBB65 /* StudentCPRViewController.swift in Sources */,
				08F2C143213337DF00269D9A /* User.swift in Sources */,
				08F2C13F21331A7C00269D9A /* TeacherHomeTableViewCell.swift in Sources */,
				08F2C139213315EB00269D9A /* TeacherHomeViewController.swift in Sources */,
				0824AC0721CBDF45000B419C /* TeacherPromptResponsesCollectionViewCell.swift in Sources */,
			);
			runOnlyForDeploymentPostprocessing = 0;
		};
		08E16DB72121BE7B00AFFCF3 /* Sources */ = {
			isa = PBXSourcesBuildPhase;
			buildActionMask = 2147483647;
			files = (
				08E16DC02121BE7B00AFFCF3 /* HMWKTests.swift in Sources */,
			);
			runOnlyForDeploymentPostprocessing = 0;
		};
		08E16DC22121BE7B00AFFCF3 /* Sources */ = {
			isa = PBXSourcesBuildPhase;
			buildActionMask = 2147483647;
			files = (
				08E16DCB2121BE7B00AFFCF3 /* HMWKUITests.swift in Sources */,
			);
			runOnlyForDeploymentPostprocessing = 0;
		};
/* End PBXSourcesBuildPhase section */

/* Begin PBXTargetDependency section */
		08E16DBD2121BE7B00AFFCF3 /* PBXTargetDependency */ = {
			isa = PBXTargetDependency;
			target = 08E16DA62121BE7800AFFCF3 /* HMWK */;
			targetProxy = 08E16DBC2121BE7B00AFFCF3 /* PBXContainerItemProxy */;
		};
		08E16DC82121BE7B00AFFCF3 /* PBXTargetDependency */ = {
			isa = PBXTargetDependency;
			target = 08E16DA62121BE7800AFFCF3 /* HMWK */;
			targetProxy = 08E16DC72121BE7B00AFFCF3 /* PBXContainerItemProxy */;
		};
/* End PBXTargetDependency section */

/* Begin PBXVariantGroup section */
		08E16DAE2121BE7800AFFCF3 /* Main.storyboard */ = {
			isa = PBXVariantGroup;
			children = (
				08E16DAF2121BE7800AFFCF3 /* Base */,
			);
			name = Main.storyboard;
			sourceTree = "<group>";
		};
		08E16DB32121BE7B00AFFCF3 /* LaunchScreen.storyboard */ = {
			isa = PBXVariantGroup;
			children = (
				08E16DB42121BE7B00AFFCF3 /* Base */,
			);
			name = LaunchScreen.storyboard;
			sourceTree = "<group>";
		};
/* End PBXVariantGroup section */

/* Begin XCBuildConfiguration section */
		08E16DCD2121BE7B00AFFCF3 /* Debug */ = {
			isa = XCBuildConfiguration;
			buildSettings = {
				ALWAYS_SEARCH_USER_PATHS = NO;
				CLANG_ANALYZER_NONNULL = YES;
				CLANG_ANALYZER_NUMBER_OBJECT_CONVERSION = YES_AGGRESSIVE;
				CLANG_CXX_LANGUAGE_STANDARD = "gnu++14";
				CLANG_CXX_LIBRARY = "libc++";
				CLANG_ENABLE_MODULES = YES;
				CLANG_ENABLE_OBJC_ARC = YES;
				CLANG_ENABLE_OBJC_WEAK = YES;
				CLANG_WARN_BLOCK_CAPTURE_AUTORELEASING = YES;
				CLANG_WARN_BOOL_CONVERSION = YES;
				CLANG_WARN_COMMA = YES;
				CLANG_WARN_CONSTANT_CONVERSION = YES;
				CLANG_WARN_DEPRECATED_OBJC_IMPLEMENTATIONS = YES;
				CLANG_WARN_DIRECT_OBJC_ISA_USAGE = YES_ERROR;
				CLANG_WARN_DOCUMENTATION_COMMENTS = YES;
				CLANG_WARN_EMPTY_BODY = YES;
				CLANG_WARN_ENUM_CONVERSION = YES;
				CLANG_WARN_INFINITE_RECURSION = YES;
				CLANG_WARN_INT_CONVERSION = YES;
				CLANG_WARN_NON_LITERAL_NULL_CONVERSION = YES;
				CLANG_WARN_OBJC_IMPLICIT_RETAIN_SELF = YES;
				CLANG_WARN_OBJC_LITERAL_CONVERSION = YES;
				CLANG_WARN_OBJC_ROOT_CLASS = YES_ERROR;
				CLANG_WARN_RANGE_LOOP_ANALYSIS = YES;
				CLANG_WARN_STRICT_PROTOTYPES = YES;
				CLANG_WARN_SUSPICIOUS_MOVE = YES;
				CLANG_WARN_UNGUARDED_AVAILABILITY = YES_AGGRESSIVE;
				CLANG_WARN_UNREACHABLE_CODE = YES;
				CLANG_WARN__DUPLICATE_METHOD_MATCH = YES;
				CODE_SIGN_IDENTITY = "iPhone Developer";
				COPY_PHASE_STRIP = NO;
				DEBUG_INFORMATION_FORMAT = dwarf;
				ENABLE_STRICT_OBJC_MSGSEND = YES;
				ENABLE_TESTABILITY = YES;
				GCC_C_LANGUAGE_STANDARD = gnu11;
				GCC_DYNAMIC_NO_PIC = NO;
				GCC_NO_COMMON_BLOCKS = YES;
				GCC_OPTIMIZATION_LEVEL = 0;
				GCC_PREPROCESSOR_DEFINITIONS = (
					"DEBUG=1",
					"$(inherited)",
				);
				GCC_WARN_64_TO_32_BIT_CONVERSION = YES;
				GCC_WARN_ABOUT_RETURN_TYPE = YES_ERROR;
				GCC_WARN_UNDECLARED_SELECTOR = YES;
				GCC_WARN_UNINITIALIZED_AUTOS = YES_AGGRESSIVE;
				GCC_WARN_UNUSED_FUNCTION = YES;
				GCC_WARN_UNUSED_VARIABLE = YES;
				IPHONEOS_DEPLOYMENT_TARGET = 11.4;
				MTL_ENABLE_DEBUG_INFO = YES;
				ONLY_ACTIVE_ARCH = YES;
				SDKROOT = iphoneos;
				SWIFT_ACTIVE_COMPILATION_CONDITIONS = DEBUG;
				SWIFT_OPTIMIZATION_LEVEL = "-Onone";
			};
			name = Debug;
		};
		08E16DCE2121BE7B00AFFCF3 /* Release */ = {
			isa = XCBuildConfiguration;
			buildSettings = {
				ALWAYS_SEARCH_USER_PATHS = NO;
				CLANG_ANALYZER_NONNULL = YES;
				CLANG_ANALYZER_NUMBER_OBJECT_CONVERSION = YES_AGGRESSIVE;
				CLANG_CXX_LANGUAGE_STANDARD = "gnu++14";
				CLANG_CXX_LIBRARY = "libc++";
				CLANG_ENABLE_MODULES = YES;
				CLANG_ENABLE_OBJC_ARC = YES;
				CLANG_ENABLE_OBJC_WEAK = YES;
				CLANG_WARN_BLOCK_CAPTURE_AUTORELEASING = YES;
				CLANG_WARN_BOOL_CONVERSION = YES;
				CLANG_WARN_COMMA = YES;
				CLANG_WARN_CONSTANT_CONVERSION = YES;
				CLANG_WARN_DEPRECATED_OBJC_IMPLEMENTATIONS = YES;
				CLANG_WARN_DIRECT_OBJC_ISA_USAGE = YES_ERROR;
				CLANG_WARN_DOCUMENTATION_COMMENTS = YES;
				CLANG_WARN_EMPTY_BODY = YES;
				CLANG_WARN_ENUM_CONVERSION = YES;
				CLANG_WARN_INFINITE_RECURSION = YES;
				CLANG_WARN_INT_CONVERSION = YES;
				CLANG_WARN_NON_LITERAL_NULL_CONVERSION = YES;
				CLANG_WARN_OBJC_IMPLICIT_RETAIN_SELF = YES;
				CLANG_WARN_OBJC_LITERAL_CONVERSION = YES;
				CLANG_WARN_OBJC_ROOT_CLASS = YES_ERROR;
				CLANG_WARN_RANGE_LOOP_ANALYSIS = YES;
				CLANG_WARN_STRICT_PROTOTYPES = YES;
				CLANG_WARN_SUSPICIOUS_MOVE = YES;
				CLANG_WARN_UNGUARDED_AVAILABILITY = YES_AGGRESSIVE;
				CLANG_WARN_UNREACHABLE_CODE = YES;
				CLANG_WARN__DUPLICATE_METHOD_MATCH = YES;
				CODE_SIGN_IDENTITY = "iPhone Developer";
				COPY_PHASE_STRIP = NO;
				DEBUG_INFORMATION_FORMAT = "dwarf-with-dsym";
				ENABLE_NS_ASSERTIONS = NO;
				ENABLE_STRICT_OBJC_MSGSEND = YES;
				GCC_C_LANGUAGE_STANDARD = gnu11;
				GCC_NO_COMMON_BLOCKS = YES;
				GCC_WARN_64_TO_32_BIT_CONVERSION = YES;
				GCC_WARN_ABOUT_RETURN_TYPE = YES_ERROR;
				GCC_WARN_UNDECLARED_SELECTOR = YES;
				GCC_WARN_UNINITIALIZED_AUTOS = YES_AGGRESSIVE;
				GCC_WARN_UNUSED_FUNCTION = YES;
				GCC_WARN_UNUSED_VARIABLE = YES;
				IPHONEOS_DEPLOYMENT_TARGET = 11.4;
				MTL_ENABLE_DEBUG_INFO = NO;
				SDKROOT = iphoneos;
				SWIFT_COMPILATION_MODE = wholemodule;
				SWIFT_OPTIMIZATION_LEVEL = "-O";
				VALIDATE_PRODUCT = YES;
			};
			name = Release;
		};
		08E16DD02121BE7B00AFFCF3 /* Debug */ = {
			isa = XCBuildConfiguration;
			baseConfigurationReference = 990ABC9E7E09E8962B2DF5EC /* Pods-HMWK.debug.xcconfig */;
			buildSettings = {
				ASSETCATALOG_COMPILER_APPICON_NAME = AppIcon;
				CODE_SIGN_STYLE = Automatic;
				DEVELOPMENT_TEAM = 38GF48P7GU;
				INFOPLIST_FILE = HMWK/Info.plist;
				LD_RUNPATH_SEARCH_PATHS = (
					"$(inherited)",
					"@executable_path/Frameworks",
				);
				PRODUCT_BUNDLE_IDENTIFIER = com.HMWK;
				PRODUCT_NAME = "$(TARGET_NAME)";
				SWIFT_VERSION = 4.0;
				TARGETED_DEVICE_FAMILY = "1,2";
			};
			name = Debug;
		};
		08E16DD12121BE7B00AFFCF3 /* Release */ = {
			isa = XCBuildConfiguration;
			baseConfigurationReference = B46D5B28363615503BC2FB5B /* Pods-HMWK.release.xcconfig */;
			buildSettings = {
				ASSETCATALOG_COMPILER_APPICON_NAME = AppIcon;
				CODE_SIGN_STYLE = Automatic;
				DEVELOPMENT_TEAM = 38GF48P7GU;
				INFOPLIST_FILE = HMWK/Info.plist;
				LD_RUNPATH_SEARCH_PATHS = (
					"$(inherited)",
					"@executable_path/Frameworks",
				);
				PRODUCT_BUNDLE_IDENTIFIER = com.HMWK;
				PRODUCT_NAME = "$(TARGET_NAME)";
				SWIFT_VERSION = 4.0;
				TARGETED_DEVICE_FAMILY = "1,2";
			};
			name = Release;
		};
		08E16DD32121BE7B00AFFCF3 /* Debug */ = {
			isa = XCBuildConfiguration;
			baseConfigurationReference = 1D22E0AAA201F92A831C218F /* Pods-HMWKTests.debug.xcconfig */;
			buildSettings = {
				ALWAYS_EMBED_SWIFT_STANDARD_LIBRARIES = YES;
				BUNDLE_LOADER = "$(TEST_HOST)";
				CODE_SIGN_STYLE = Automatic;
				DEVELOPMENT_TEAM = 38GF48P7GU;
				INFOPLIST_FILE = HMWKTests/Info.plist;
				LD_RUNPATH_SEARCH_PATHS = (
					"$(inherited)",
					"@executable_path/Frameworks",
					"@loader_path/Frameworks",
				);
				PRODUCT_BUNDLE_IDENTIFIER = com.HMWKTests;
				PRODUCT_NAME = "$(TARGET_NAME)";
				SWIFT_VERSION = 4.0;
				TARGETED_DEVICE_FAMILY = "1,2";
				TEST_HOST = "$(BUILT_PRODUCTS_DIR)/HMWK.app/HMWK";
			};
			name = Debug;
		};
		08E16DD42121BE7B00AFFCF3 /* Release */ = {
			isa = XCBuildConfiguration;
			baseConfigurationReference = 29802161EE6589AD7DF9EE6D /* Pods-HMWKTests.release.xcconfig */;
			buildSettings = {
				ALWAYS_EMBED_SWIFT_STANDARD_LIBRARIES = YES;
				BUNDLE_LOADER = "$(TEST_HOST)";
				CODE_SIGN_STYLE = Automatic;
				DEVELOPMENT_TEAM = 38GF48P7GU;
				INFOPLIST_FILE = HMWKTests/Info.plist;
				LD_RUNPATH_SEARCH_PATHS = (
					"$(inherited)",
					"@executable_path/Frameworks",
					"@loader_path/Frameworks",
				);
				PRODUCT_BUNDLE_IDENTIFIER = com.HMWKTests;
				PRODUCT_NAME = "$(TARGET_NAME)";
				SWIFT_VERSION = 4.0;
				TARGETED_DEVICE_FAMILY = "1,2";
				TEST_HOST = "$(BUILT_PRODUCTS_DIR)/HMWK.app/HMWK";
			};
			name = Release;
		};
		08E16DD62121BE7B00AFFCF3 /* Debug */ = {
			isa = XCBuildConfiguration;
			baseConfigurationReference = 87F7D19CC9643BF88CA20876 /* Pods-HMWKUITests.debug.xcconfig */;
			buildSettings = {
				ALWAYS_EMBED_SWIFT_STANDARD_LIBRARIES = YES;
				CODE_SIGN_STYLE = Automatic;
				DEVELOPMENT_TEAM = 38GF48P7GU;
				INFOPLIST_FILE = HMWKUITests/Info.plist;
				LD_RUNPATH_SEARCH_PATHS = (
					"$(inherited)",
					"@executable_path/Frameworks",
					"@loader_path/Frameworks",
				);
				PRODUCT_BUNDLE_IDENTIFIER = com.HMWKUITests;
				PRODUCT_NAME = "$(TARGET_NAME)";
				SWIFT_VERSION = 4.0;
				TARGETED_DEVICE_FAMILY = "1,2";
				TEST_TARGET_NAME = HMWK;
			};
			name = Debug;
		};
		08E16DD72121BE7B00AFFCF3 /* Release */ = {
			isa = XCBuildConfiguration;
			baseConfigurationReference = 11A6DB545086682718C2BF6A /* Pods-HMWKUITests.release.xcconfig */;
			buildSettings = {
				ALWAYS_EMBED_SWIFT_STANDARD_LIBRARIES = YES;
				CODE_SIGN_STYLE = Automatic;
				DEVELOPMENT_TEAM = 38GF48P7GU;
				INFOPLIST_FILE = HMWKUITests/Info.plist;
				LD_RUNPATH_SEARCH_PATHS = (
					"$(inherited)",
					"@executable_path/Frameworks",
					"@loader_path/Frameworks",
				);
				PRODUCT_BUNDLE_IDENTIFIER = com.HMWKUITests;
				PRODUCT_NAME = "$(TARGET_NAME)";
				SWIFT_VERSION = 4.0;
				TARGETED_DEVICE_FAMILY = "1,2";
				TEST_TARGET_NAME = HMWK;
			};
			name = Release;
		};
/* End XCBuildConfiguration section */

/* Begin XCConfigurationList section */
		08E16DA22121BE7800AFFCF3 /* Build configuration list for PBXProject "HMWK" */ = {
			isa = XCConfigurationList;
			buildConfigurations = (
				08E16DCD2121BE7B00AFFCF3 /* Debug */,
				08E16DCE2121BE7B00AFFCF3 /* Release */,
			);
			defaultConfigurationIsVisible = 0;
			defaultConfigurationName = Release;
		};
		08E16DCF2121BE7B00AFFCF3 /* Build configuration list for PBXNativeTarget "HMWK" */ = {
			isa = XCConfigurationList;
			buildConfigurations = (
				08E16DD02121BE7B00AFFCF3 /* Debug */,
				08E16DD12121BE7B00AFFCF3 /* Release */,
			);
			defaultConfigurationIsVisible = 0;
			defaultConfigurationName = Release;
		};
		08E16DD22121BE7B00AFFCF3 /* Build configuration list for PBXNativeTarget "HMWKTests" */ = {
			isa = XCConfigurationList;
			buildConfigurations = (
				08E16DD32121BE7B00AFFCF3 /* Debug */,
				08E16DD42121BE7B00AFFCF3 /* Release */,
			);
			defaultConfigurationIsVisible = 0;
			defaultConfigurationName = Release;
		};
		08E16DD52121BE7B00AFFCF3 /* Build configuration list for PBXNativeTarget "HMWKUITests" */ = {
			isa = XCConfigurationList;
			buildConfigurations = (
				08E16DD62121BE7B00AFFCF3 /* Debug */,
				08E16DD72121BE7B00AFFCF3 /* Release */,
			);
			defaultConfigurationIsVisible = 0;
			defaultConfigurationName = Release;
		};
/* End XCConfigurationList section */
	};
	rootObject = 08E16D9F2121BE7800AFFCF3 /* Project object */;
}
